// !$*UTF8*$!
{
	archiveVersion = 1;
	classes = {
	};
	objectVersion = 46;
	objects = {

/* Begin PBXBuildFile section */
		5D52462F19E81FF30021F8B3 /* main.m in Sources */ = {isa = PBXBuildFile; fileRef = 5D52462E19E81FF30021F8B3 /* main.m */; };
		5D52463219E81FF30021F8B3 /* AppDelegate.m in Sources */ = {isa = PBXBuildFile; fileRef = 5D52463119E81FF30021F8B3 /* AppDelegate.m */; };
		5D52463519E81FF30021F8B3 /* ViewController.m in Sources */ = {isa = PBXBuildFile; fileRef = 5D52463419E81FF30021F8B3 /* ViewController.m */; };
		5D52463819E81FF30021F8B3 /* Main.storyboard in Resources */ = {isa = PBXBuildFile; fileRef = 5D52463619E81FF30021F8B3 /* Main.storyboard */; };
		5D52463A19E81FF30021F8B3 /* Images.xcassets in Resources */ = {isa = PBXBuildFile; fileRef = 5D52463919E81FF30021F8B3 /* Images.xcassets */; };
		5D52463D19E81FF30021F8B3 /* LaunchScreen.xib in Resources */ = {isa = PBXBuildFile; fileRef = 5D52463B19E81FF30021F8B3 /* LaunchScreen.xib */; };
		5D52464919E81FF30021F8B3 /* MMChallenge2Tests.m in Sources */ = {isa = PBXBuildFile; fileRef = 5D52464819E81FF30021F8B3 /* MMChallenge2Tests.m */; };
		5D52465419E8209F0021F8B3 /* City.m in Sources */ = {isa = PBXBuildFile; fileRef = 5D52465319E8209F0021F8B3 /* City.m */; };
		5D52465719E826F30021F8B3 /* CityDetailViewController.m in Sources */ = {isa = PBXBuildFile; fileRef = 5D52465619E826F30021F8B3 /* CityDetailViewController.m */; };
		5D52465A19E82DED0021F8B3 /* WikiWebViewController.m in Sources */ = {isa = PBXBuildFile; fileRef = 5D52465919E82DED0021F8B3 /* WikiWebViewController.m */; };
/* End PBXBuildFile section */

/* Begin PBXContainerItemProxy section */
		5D52464319E81FF30021F8B3 /* PBXContainerItemProxy */ = {
			isa = PBXContainerItemProxy;
			containerPortal = 5D52462119E81FF30021F8B3 /* Project object */;
			proxyType = 1;
			remoteGlobalIDString = 5D52462819E81FF30021F8B3;
			remoteInfo = MMChallenge2;
		};
/* End PBXContainerItemProxy section */

/* Begin PBXFileReference section */
		5D52462919E81FF30021F8B3 /* MMChallenge2.app */ = {isa = PBXFileReference; explicitFileType = wrapper.application; includeInIndex = 0; path = MMChallenge2.app; sourceTree = BUILT_PRODUCTS_DIR; };
		5D52462D19E81FF30021F8B3 /* Info.plist */ = {isa = PBXFileReference; lastKnownFileType = text.plist.xml; path = Info.plist; sourceTree = "<group>"; };
		5D52462E19E81FF30021F8B3 /* main.m */ = {isa = PBXFileReference; lastKnownFileType = sourcecode.c.objc; path = main.m; sourceTree = "<group>"; };
		5D52463019E81FF30021F8B3 /* AppDelegate.h */ = {isa = PBXFileReference; lastKnownFileType = sourcecode.c.h; path = AppDelegate.h; sourceTree = "<group>"; };
		5D52463119E81FF30021F8B3 /* AppDelegate.m */ = {isa = PBXFileReference; lastKnownFileType = sourcecode.c.objc; path = AppDelegate.m; sourceTree = "<group>"; };
		5D52463319E81FF30021F8B3 /* ViewController.h */ = {isa = PBXFileReference; lastKnownFileType = sourcecode.c.h; path = ViewController.h; sourceTree = "<group>"; };
		5D52463419E81FF30021F8B3 /* ViewController.m */ = {isa = PBXFileReference; lastKnownFileType = sourcecode.c.objc; path = ViewController.m; sourceTree = "<group>"; };
		5D52463719E81FF30021F8B3 /* Base */ = {isa = PBXFileReference; lastKnownFileType = file.storyboard; name = Base; path = Base.lproj/Main.storyboard; sourceTree = "<group>"; };
		5D52463919E81FF30021F8B3 /* Images.xcassets */ = {isa = PBXFileReference; lastKnownFileType = folder.assetcatalog; path = Images.xcassets; sourceTree = "<group>"; };
		5D52463C19E81FF30021F8B3 /* Base */ = {isa = PBXFileReference; lastKnownFileType = file.xib; name = Base; path = Base.lproj/LaunchScreen.xib; sourceTree = "<group>"; };
		5D52464219E81FF30021F8B3 /* MMChallenge2Tests.xctest */ = {isa = PBXFileReference; explicitFileType = wrapper.cfbundle; includeInIndex = 0; path = MMChallenge2Tests.xctest; sourceTree = BUILT_PRODUCTS_DIR; };
		5D52464719E81FF30021F8B3 /* Info.plist */ = {isa = PBXFileReference; lastKnownFileType = text.plist.xml; path = Info.plist; sourceTree = "<group>"; };
		5D52464819E81FF30021F8B3 /* MMChallenge2Tests.m */ = {isa = PBXFileReference; lastKnownFileType = sourcecode.c.objc; path = MMChallenge2Tests.m; sourceTree = "<group>"; };
		5D52465219E8209F0021F8B3 /* City.h */ = {isa = PBXFileReference; fileEncoding = 4; lastKnownFileType = sourcecode.c.h; name = City.h; path = ../City.h; sourceTree = "<group>"; };
		5D52465319E8209F0021F8B3 /* City.m */ = {isa = PBXFileReference; fileEncoding = 4; lastKnownFileType = sourcecode.c.objc; name = City.m; path = ../City.m; sourceTree = "<group>"; };
		5D52465519E826F30021F8B3 /* CityDetailViewController.h */ = {isa = PBXFileReference; fileEncoding = 4; lastKnownFileType = sourcecode.c.h; name = CityDetailViewController.h; path = ../CityDetailViewController.h; sourceTree = "<group>"; };
		5D52465619E826F30021F8B3 /* CityDetailViewController.m */ = {isa = PBXFileReference; fileEncoding = 4; lastKnownFileType = sourcecode.c.objc; name = CityDetailViewController.m; path = ../CityDetailViewController.m; sourceTree = "<group>"; };
		5D52465819E82DED0021F8B3 /* WikiWebViewController.h */ = {isa = PBXFileReference; fileEncoding = 4; lastKnownFileType = sourcecode.c.h; path = WikiWebViewController.h; sourceTree = "<group>"; };
		5D52465919E82DED0021F8B3 /* WikiWebViewController.m */ = {isa = PBXFileReference; fileEncoding = 4; lastKnownFileType = sourcecode.c.objc; path = WikiWebViewController.m; sourceTree = "<group>"; };
/* End PBXFileReference section */

/* Begin PBXFrameworksBuildPhase section */
		5D52462619E81FF30021F8B3 /* Frameworks */ = {
			isa = PBXFrameworksBuildPhase;
			buildActionMask = 2147483647;
			files = (
			);
			runOnlyForDeploymentPostprocessing = 0;
		};
		5D52463F19E81FF30021F8B3 /* Frameworks */ = {
			isa = PBXFrameworksBuildPhase;
			buildActionMask = 2147483647;
			files = (
			);
			runOnlyForDeploymentPostprocessing = 0;
		};
/* End PBXFrameworksBuildPhase section */

/* Begin PBXGroup section */
		5D52462019E81FF30021F8B3 = {
			isa = PBXGroup;
			children = (
				5D52462B19E81FF30021F8B3 /* MMChallenge2 */,
				5D52464519E81FF30021F8B3 /* MMChallenge2Tests */,
				5D52462A19E81FF30021F8B3 /* Products */,
			);
			sourceTree = "<group>";
		};
		5D52462A19E81FF30021F8B3 /* Products */ = {
			isa = PBXGroup;
			children = (
				5D52462919E81FF30021F8B3 /* MMChallenge2.app */,
				5D52464219E81FF30021F8B3 /* MMChallenge2Tests.xctest */,
			);
			name = Products;
			sourceTree = "<group>";
		};
		5D52462B19E81FF30021F8B3 /* MMChallenge2 */ = {
			isa = PBXGroup;
			children = (
				5D52465519E826F30021F8B3 /* CityDetailViewController.h */,
				5D52465619E826F30021F8B3 /* CityDetailViewController.m */,
				5D52465819E82DED0021F8B3 /* WikiWebViewController.h */,
				5D52465919E82DED0021F8B3 /* WikiWebViewController.m */,
				5D52465219E8209F0021F8B3 /* City.h */,
				5D52465319E8209F0021F8B3 /* City.m */,
				5D52463019E81FF30021F8B3 /* AppDelegate.h */,
				5D52463119E81FF30021F8B3 /* AppDelegate.m */,
				5D52463319E81FF30021F8B3 /* ViewController.h */,
				5D52463419E81FF30021F8B3 /* ViewController.m */,
				5D52463619E81FF30021F8B3 /* Main.storyboard */,
				5D52463919E81FF30021F8B3 /* Images.xcassets */,
				5D52463B19E81FF30021F8B3 /* LaunchScreen.xib */,
				5D52462C19E81FF30021F8B3 /* Supporting Files */,
			);
			path = MMChallenge2;
			sourceTree = "<group>";
		};
		5D52462C19E81FF30021F8B3 /* Supporting Files */ = {
			isa = PBXGroup;
			children = (
				5D52462D19E81FF30021F8B3 /* Info.plist */,
				5D52462E19E81FF30021F8B3 /* main.m */,
			);
			name = "Supporting Files";
			sourceTree = "<group>";
		};
		5D52464519E81FF30021F8B3 /* MMChallenge2Tests */ = {
			isa = PBXGroup;
			children = (
				5D52464819E81FF30021F8B3 /* MMChallenge2Tests.m */,
				5D52464619E81FF30021F8B3 /* Supporting Files */,
			);
			path = MMChallenge2Tests;
			sourceTree = "<group>";
		};
		5D52464619E81FF30021F8B3 /* Supporting Files */ = {
			isa = PBXGroup;
			children = (
				5D52464719E81FF30021F8B3 /* Info.plist */,
			);
			name = "Supporting Files";
			sourceTree = "<group>";
		};
/* End PBXGroup section */

/* Begin PBXNativeTarget section */
		5D52462819E81FF30021F8B3 /* MMChallenge2 */ = {
			isa = PBXNativeTarget;
			buildConfigurationList = 5D52464C19E81FF30021F8B3 /* Build configuration list for PBXNativeTarget "MMChallenge2" */;
			buildPhases = (
				5D52462519E81FF30021F8B3 /* Sources */,
				5D52462619E81FF30021F8B3 /* Frameworks */,
				5D52462719E81FF30021F8B3 /* Resources */,
			);
			buildRules = (
			);
			dependencies = (
			);
			name = MMChallenge2;
			productName = MMChallenge2;
			productReference = 5D52462919E81FF30021F8B3 /* MMChallenge2.app */;
			productType = "com.apple.product-type.application";
		};
		5D52464119E81FF30021F8B3 /* MMChallenge2Tests */ = {
			isa = PBXNativeTarget;
			buildConfigurationList = 5D52464F19E81FF30021F8B3 /* Build configuration list for PBXNativeTarget "MMChallenge2Tests" */;
			buildPhases = (
				5D52463E19E81FF30021F8B3 /* Sources */,
				5D52463F19E81FF30021F8B3 /* Frameworks */,
				5D52464019E81FF30021F8B3 /* Resources */,
			);
			buildRules = (
			);
			dependencies = (
				5D52464419E81FF30021F8B3 /* PBXTargetDependency */,
			);
			name = MMChallenge2Tests;
			productName = MMChallenge2Tests;
			productReference = 5D52464219E81FF30021F8B3 /* MMChallenge2Tests.xctest */;
			productType = "com.apple.product-type.bundle.unit-test";
		};
/* End PBXNativeTarget section */

/* Begin PBXProject section */
		5D52462119E81FF30021F8B3 /* Project object */ = {
			isa = PBXProject;
			attributes = {
				LastUpgradeCheck = 0600;
				ORGANIZATIONNAME = Richmond;
				TargetAttributes = {
					5D52462819E81FF30021F8B3 = {
						CreatedOnToolsVersion = 6.0.1;
					};
					5D52464119E81FF30021F8B3 = {
						CreatedOnToolsVersion = 6.0.1;
						TestTargetID = 5D52462819E81FF30021F8B3;
					};
				};
			};
			buildConfigurationList = 5D52462419E81FF30021F8B3 /* Build configuration list for PBXProject "MMChallenge2" */;
			compatibilityVersion = "Xcode 3.2";
			developmentRegion = English;
			hasScannedForEncodings = 0;
			knownRegions = (
				en,
				Base,
			);
			mainGroup = 5D52462019E81FF30021F8B3;
			productRefGroup = 5D52462A19E81FF30021F8B3 /* Products */;
			projectDirPath = "";
			projectRoot = "";
			targets = (
				5D52462819E81FF30021F8B3 /* MMChallenge2 */,
				5D52464119E81FF30021F8B3 /* MMChallenge2Tests */,
			);
		};
/* End PBXProject section */

/* Begin PBXResourcesBuildPhase section */
		5D52462719E81FF30021F8B3 /* Resources */ = {
			isa = PBXResourcesBuildPhase;
			buildActionMask = 2147483647;
			files = (
				5D52463819E81FF30021F8B3 /* Main.storyboard in Resources */,
				5D52463D19E81FF30021F8B3 /* LaunchScreen.xib in Resources */,
				5D52463A19E81FF30021F8B3 /* Images.xcassets in Resources */,
			);
			runOnlyForDeploymentPostprocessing = 0;
		};
		5D52464019E81FF30021F8B3 /* Resources */ = {
			isa = PBXResourcesBuildPhase;
			buildActionMask = 2147483647;
			files = (
			);
			runOnlyForDeploymentPostprocessing = 0;
		};
/* End PBXResourcesBuildPhase section */

/* Begin PBXSourcesBuildPhase section */
		5D52462519E81FF30021F8B3 /* Sources */ = {
			isa = PBXSourcesBuildPhase;
			buildActionMask = 2147483647;
			files = (
				5D52463519E81FF30021F8B3 /* ViewController.m in Sources */,
				5D52465A19E82DED0021F8B3 /* WikiWebViewController.m in Sources */,
				5D52463219E81FF30021F8B3 /* AppDelegate.m in Sources */,
				5D52465419E8209F0021F8B3 /* City.m in Sources */,
				5D52465719E826F30021F8B3 /* CityDetailViewController.m in Sources */,
				5D52462F19E81FF30021F8B3 /* main.m in Sources */,
			);
			runOnlyForDeploymentPostprocessing = 0;
		};
		5D52463E19E81FF30021F8B3 /* Sources */ = {
			isa = PBXSourcesBuildPhase;
			buildActionMask = 2147483647;
			files = (
				5D52464919E81FF30021F8B3 /* MMChallenge2Tests.m in Sources */,
			);
			runOnlyForDeploymentPostprocessing = 0;
		};
/* End PBXSourcesBuildPhase section */

/* Begin PBXTargetDependency section */
		5D52464419E81FF30021F8B3 /* PBXTargetDependency */ = {
			isa = PBXTargetDependency;
			target = 5D52462819E81FF30021F8B3 /* MMChallenge2 */;
			targetProxy = 5D52464319E81FF30021F8B3 /* PBXContainerItemProxy */;
		};
/* End PBXTargetDependency section */

/* Begin PBXVariantGroup section */
		5D52463619E81FF30021F8B3 /* Main.storyboard */ = {
			isa = PBXVariantGroup;
			children = (
				5D52463719E81FF30021F8B3 /* Base */,
			);
			name = Main.storyboard;
			sourceTree = "<group>";
		};
		5D52463B19E81FF30021F8B3 /* LaunchScreen.xib */ = {
			isa = PBXVariantGroup;
			children = (
				5D52463C19E81FF30021F8B3 /* Base */,
			);
			name = LaunchScreen.xib;
			sourceTree = "<group>";
		};
/* End PBXVariantGroup section */

/* Begin XCBuildConfiguration section */
		5D52464A19E81FF30021F8B3 /* Debug */ = {
			isa = XCBuildConfiguration;
			buildSettings = {
				ALWAYS_SEARCH_USER_PATHS = NO;
				CLANG_CXX_LANGUAGE_STANDARD = "gnu++0x";
				CLANG_CXX_LIBRARY = "libc++";
				CLANG_ENABLE_MODULES = YES;
				CLANG_ENABLE_OBJC_ARC = YES;
				CLANG_WARN_BOOL_CONVERSION = YES;
				CLANG_WARN_CONSTANT_CONVERSION = YES;
				CLANG_WARN_DIRECT_OBJC_ISA_USAGE = YES_ERROR;
				CLANG_WARN_EMPTY_BODY = YES;
				CLANG_WARN_ENUM_CONVERSION = YES;
				CLANG_WARN_INT_CONVERSION = YES;
				CLANG_WARN_OBJC_ROOT_CLASS = YES_ERROR;
				CLANG_WARN_UNREACHABLE_CODE = YES;
				CLANG_WARN__DUPLICATE_METHOD_MATCH = YES;
				"CODE_SIGN_IDENTITY[sdk=iphoneos*]" = "iPhone Developer";
				COPY_PHASE_STRIP = NO;
				ENABLE_STRICT_OBJC_MSGSEND = YES;
				GCC_C_LANGUAGE_STANDARD = gnu99;
				GCC_DYNAMIC_NO_PIC = NO;
				GCC_OPTIMIZATION_LEVEL = 0;
				GCC_PREPROCESSOR_DEFINITIONS = (
					"DEBUG=1",
					"$(inherited)",
				);
				GCC_SYMBOLS_PRIVATE_EXTERN = NO;
				GCC_WARN_64_TO_32_BIT_CONVERSION = YES;
				GCC_WARN_ABOUT_RETURN_TYPE = YES_ERROR;
				GCC_WARN_UNDECLARED_SELECTOR = YES;
				GCC_WARN_UNINITIALIZED_AUTOS = YES_AGGRESSIVE;
				GCC_WARN_UNUSED_FUNCTION = YES;
				GCC_WARN_UNUSED_VARIABLE = YES;
				IPHONEOS_DEPLOYMENT_TARGET = 8.0;
				MTL_ENABLE_DEBUG_INFO = YES;
				ONLY_ACTIVE_ARCH = YES;
				SDKROOT = iphoneos;
			};
			name = Debug;
		};
		5D52464B19E81FF30021F8B3 /* Release */ = {
			isa = XCBuildConfiguration;
			buildSettings = {
				ALWAYS_SEARCH_USER_PATHS = NO;
				CLANG_CXX_LANGUAGE_STANDARD = "gnu++0x";
				CLANG_CXX_LIBRARY = "libc++";
				CLANG_ENABLE_MODULES = YES;
				CLANG_ENABLE_OBJC_ARC = YES;
				CLANG_WARN_BOOL_CONVERSION = YES;
				CLANG_WARN_CONSTANT_CONVERSION = YES;
				CLANG_WARN_DIRECT_OBJC_ISA_USAGE = YES_ERROR;
				CLANG_WARN_EMPTY_BODY = YES;
				CLANG_WARN_ENUM_CONVERSION = YES;
				CLANG_WARN_INT_CONVERSION = YES;
				CLANG_WARN_OBJC_ROOT_CLASS = YES_ERROR;
				CLANG_WARN_UNREACHABLE_CODE = YES;
				CLANG_WARN__DUPLICATE_METHOD_MATCH = YES;
				"CODE_SIGN_IDENTITY[sdk=iphoneos*]" = "iPhone Developer";
				COPY_PHASE_STRIP = YES;
				ENABLE_NS_ASSERTIONS = NO;
				ENABLE_STRICT_OBJC_MSGSEND = YES;
				GCC_C_LANGUAGE_STANDARD = gnu99;
				GCC_WARN_64_TO_32_BIT_CONVERSION = YES;
				GCC_WARN_ABOUT_RETURN_TYPE = YES_ERROR;
				GCC_WARN_UNDECLARED_SELECTOR = YES;
				GCC_WARN_UNINITIALIZED_AUTOS = YES_AGGRESSIVE;
				GCC_WARN_UNUSED_FUNCTION = YES;
				GCC_WARN_UNUSED_VARIABLE = YES;
				IPHONEOS_DEPLOYMENT_TARGET = 8.0;
				MTL_ENABLE_DEBUG_INFO = NO;
				SDKROOT = iphoneos;
				VALIDATE_PRODUCT = YES;
			};
			name = Release;
		};
		5D52464D19E81FF30021F8B3 /* Debug */ = {
			isa = XCBuildConfiguration;
			buildSettings = {
				ASSETCATALOG_COMPILER_APPICON_NAME = AppIcon;
				INFOPLIST_FILE = MMChallenge2/Info.plist;
				LD_RUNPATH_SEARCH_PATHS = "$(inherited) @executable_path/Frameworks";
				PRODUCT_NAME = "$(TARGET_NAME)";
			};
			name = Debug;
		};
		5D52464E19E81FF30021F8B3 /* Release */ = {
			isa = XCBuildConfiguration;
			buildSettings = {
				ASSETCATALOG_COMPILER_APPICON_NAME = AppIcon;
				INFOPLIST_FILE = MMChallenge2/Info.plist;
				LD_RUNPATH_SEARCH_PATHS = "$(inherited) @executable_path/Frameworks";
				PRODUCT_NAME = "$(TARGET_NAME)";
			};
			name = Release;
		};
		5D52465019E81FF30021F8B3 /* Debug */ = {
			isa = XCBuildConfiguration;
			buildSettings = {
				BUNDLE_LOADER = "$(TEST_HOST)";
				FRAMEWORK_SEARCH_PATHS = (
					"$(SDKROOT)/Developer/Library/Frameworks",
					"$(inherited)",
				);
				GCC_PREPROCESSOR_DEFINITIONS = (
					"DEBUG=1",
					"$(inherited)",
				);
				INFOPLIST_FILE = MMChallenge2Tests/Info.plist;
				LD_RUNPATH_SEARCH_PATHS = "$(inherited) @executable_path/Frameworks @loader_path/Frameworks";
				PRODUCT_NAME = "$(TARGET_NAME)";
				TEST_HOST = "$(BUILT_PRODUCTS_DIR)/MMChallenge2.app/MMChallenge2";
			};
			name = Debug;
		};
		5D52465119E81FF30021F8B3 /* Release */ = {
			isa = XCBuildConfiguration;
			buildSettings = {
				BUNDLE_LOADER = "$(TEST_HOST)";
				FRAMEWORK_SEARCH_PATHS = (
					"$(SDKROOT)/Developer/Library/Frameworks",
					"$(inherited)",
				);
				INFOPLIST_FILE = MMChallenge2Tests/Info.plist;
				LD_RUNPATH_SEARCH_PATHS = "$(inherited) @executable_path/Frameworks @loader_path/Frameworks";
				PRODUCT_NAME = "$(TARGET_NAME)";
				TEST_HOST = "$(BUILT_PRODUCTS_DIR)/MMChallenge2.app/MMChallenge2";
			};
			name = Release;
		};
/* End XCBuildConfiguration section */

/* Begin XCConfigurationList section */
		5D52462419E81FF30021F8B3 /* Build configuration list for PBXProject "MMChallenge2" */ = {
			isa = XCConfigurationList;
			buildConfigurations = (
				5D52464A19E81FF30021F8B3 /* Debug */,
				5D52464B19E81FF30021F8B3 /* Release */,
			);
			defaultConfigurationIsVisible = 0;
			defaultConfigurationName = Release;
		};
		5D52464C19E81FF30021F8B3 /* Build configuration list for PBXNativeTarget "MMChallenge2" */ = {
			isa = XCConfigurationList;
			buildConfigurations = (
				5D52464D19E81FF30021F8B3 /* Debug */,
				5D52464E19E81FF30021F8B3 /* Release */,
			);
			defaultConfigurationIsVisible = 0;
		};
		5D52464F19E81FF30021F8B3 /* Build configuration list for PBXNativeTarget "MMChallenge2Tests" */ = {
			isa = XCConfigurationList;
			buildConfigurations = (
				5D52465019E81FF30021F8B3 /* Debug */,
				5D52465119E81FF30021F8B3 /* Release */,
			);
			defaultConfigurationIsVisible = 0;
		};
/* End XCConfigurationList section */
	};
	rootObject = 5D52462119E81FF30021F8B3 /* Project object */;
}
